
Microsoft Visual Studio Solution File, Format Version 12.00
# Visual Studio Version 17
VisualStudioVersion = 17.8.34511.84
MinimumVisualStudioVersion = 10.0.40219.1
Project("{FAE04EC0-301F-11D3-BF4B-00C04F79EFBC}") = "RainbowSchoolSystem.Library", "RainbowSchoolSystem.Library\RainbowSchoolSystem.Library.csproj", "{70EA81E8-8E2B-4B70-918B-727B586CD4C3}"
EndProject
Project("{FAE04EC0-301F-11D3-BF4B-00C04F79EFBC}") = "RainbowSchoolSystem.Tests", "RainbowSchoolSystem.Tests\RainbowSchoolSystem.Tests.csproj", "{E7B3729F-FD2D-423D-A036-668EB16F54F2}"
EndProject
Global
	GlobalSection(SolutionConfigurationPlatforms) = preSolution
		Debug|Any CPU = Debug|Any CPU
		Release|Any CPU = Release|Any CPU
	EndGlobalSection
	GlobalSection(ProjectConfigurationPlatforms) = postSolution
		{70EA81E8-8E2B-4B70-918B-727B586CD4C3}.Debug|Any CPU.ActiveCfg = Debug|Any CPU
		{70EA81E8-8E2B-4B70-918B-727B586CD4C3}.Debug|Any CPU.Build.0 = Debug|Any CPU
		{70EA81E8-8E2B-4B70-918B-727B586CD4C3}.Release|Any CPU.ActiveCfg = Release|Any CPU
		{70EA81E8-8E2B-4B70-918B-727B586CD4C3}.Release|Any CPU.Build.0 = Release|Any CPU
		{E7B3729F-FD2D-423D-A036-668EB16F54F2}.Debug|Any CPU.ActiveCfg = Debug|Any CPU
		{E7B3729F-FD2D-423D-A036-668EB16F54F2}.Debug|Any CPU.Build.0 = Debug|Any CPU
		{E7B3729F-FD2D-423D-A036-668EB16F54F2}.Release|Any CPU.ActiveCfg = Release|Any CPU
		{E7B3729F-FD2D-423D-A036-668EB16F54F2}.Release|Any CPU.Build.0 = Release|Any CPU
	EndGlobalSection
	GlobalSection(SolutionProperties) = preSolution
		HideSolutionNode = FALSE
	EndGlobalSection
	GlobalSection(ExtensibilityGlobals) = postSolution
		SolutionGuid = {690E1EE5-104C-4570-AB51-C4FCF9652D3B}
	EndGlobalSection
EndGlobal
